
Microsoft Visual Studio Solution File, Format Version 12.00
# Visual Studio Version 17
VisualStudioVersion = 17.0.31919.166
MinimumVisualStudioVersion = 10.0.40219.1
Project("{FAE04EC0-301F-11D3-BF4B-00C04F79EFBC}") = "FastBuild.Core", "FastBuild.Core\FastBuild.Core.csproj", "{999C66FF-4897-4459-B06D-74690E85B33B}"
EndProject
Project("{FAE04EC0-301F-11D3-BF4B-00C04F79EFBC}") = "FastBuild.Five", "FastBuild.Five\FastBuild.Five.csproj", "{579818FB-4E06-4C11-93BE-32561BB13BE9}"
EndProject
Global
	GlobalSection(SolutionConfigurationPlatforms) = preSolution
		Debug|Any CPU = Debug|Any CPU
		Release|Any CPU = Release|Any CPU
	EndGlobalSection
	GlobalSection(ProjectConfigurationPlatforms) = postSolution
		{999C66FF-4897-4459-B06D-74690E85B33B}.Debug|Any CPU.ActiveCfg = Debug|Any CPU
		{999C66FF-4897-4459-B06D-74690E85B33B}.Debug|Any CPU.Build.0 = Debug|Any CPU
		{999C66FF-4897-4459-B06D-74690E85B33B}.Release|Any CPU.ActiveCfg = Release|Any CPU
		{999C66FF-4897-4459-B06D-74690E85B33B}.Release|Any CPU.Build.0 = Release|Any CPU
		{579818FB-4E06-4C11-93BE-32561BB13BE9}.Debug|Any CPU.ActiveCfg = Debug|Any CPU
		{579818FB-4E06-4C11-93BE-32561BB13BE9}.Debug|Any CPU.Build.0 = Debug|Any CPU
		{579818FB-4E06-4C11-93BE-32561BB13BE9}.Release|Any CPU.ActiveCfg = Release|Any CPU
		{579818FB-4E06-4C11-93BE-32561BB13BE9}.Release|Any CPU.Build.0 = Release|Any CPU
	EndGlobalSection
	GlobalSection(SolutionProperties) = preSolution
		HideSolutionNode = FALSE
	EndGlobalSection
	GlobalSection(ExtensibilityGlobals) = postSolution
		SolutionGuid = {3C2C01A3-C43B-49D1-A637-D537D3CCBF03}
	EndGlobalSection
EndGlobal
